// !$*UTF8*$!
{
	archiveVersion = 1;
	classes = {
	};
	objectVersion = 46;
	objects = {

/* Begin PBXBuildFile section */
		4986C0B8B8D0CCDDB687657D /* library.c in Sources */ = {isa = PBXBuildFile; fileRef = 4986CB1D0BBD5BA70B3C038C /* library.c */; };
		4986CDEE860AA251816980E1 /* test.c in Sources */ = {isa = PBXBuildFile; fileRef = 4986C9A99A5C89C505983BA3 /* test.c */; };
/* End PBXBuildFile section */

/* Begin PBXCopyFilesBuildPhase section */
		4986CE6166F414C0B7818721 /* CopyFiles */ = {
			isa = PBXCopyFilesBuildPhase;
			buildActionMask = 2147483647;
			dstPath = /usr/share/man/man1/;
			dstSubfolderSpec = 0;
			files = (
			);
			runOnlyForDeploymentPostprocessing = 1;
		};
/* End PBXCopyFilesBuildPhase section */

/* Begin PBXFileReference section */
		4986C217FDE9C97947E72862 /* libraryProject.1 */ = {isa = PBXFileReference; lastKnownFileType = text.man; path = libraryProject.1; sourceTree = "<group>"; };
		4986C9A99A5C89C505983BA3 /* test.c */ = {isa = PBXFileReference; fileEncoding = 4; lastKnownFileType = sourcecode.c.c; path = test.c; sourceTree = "<group>"; };
		4986CAE79FF6113A1FDD5975 /* libraryProject */ = {isa = PBXFileReference; explicitFileType = "compiled.mach-o.executable"; includeInIndex = 0; path = libraryProject; sourceTree = BUILT_PRODUCTS_DIR; };
		4986CB1D0BBD5BA70B3C038C /* library.c */ = {isa = PBXFileReference; lastKnownFileType = sourcecode.c.c; path = library.c; sourceTree = "<group>"; };
/* End PBXFileReference section */

/* Begin PBXFrameworksBuildPhase section */
		4986C86298D434D4930DA667 /* Frameworks */ = {
			isa = PBXFrameworksBuildPhase;
			buildActionMask = 2147483647;
			files = (
			);
			runOnlyForDeploymentPostprocessing = 0;
		};
/* End PBXFrameworksBuildPhase section */

/* Begin PBXGroup section */
		4986C02BE15F9C44ABB43FCC /* Products */ = {
			isa = PBXGroup;
			children = (
				4986CAE79FF6113A1FDD5975 /* libraryProject */,
			);
			name = Products;
			sourceTree = "<group>";
		};
		4986C06196AA076EF745178E = {
			isa = PBXGroup;
			children = (
				4986C02BE15F9C44ABB43FCC /* Products */,
				4986C4A541B5F772D049F1D2 /* libraryProject */,
			);
			sourceTree = "<group>";
		};
		4986C4A541B5F772D049F1D2 /* libraryProject */ = {
			isa = PBXGroup;
			children = (
				4986CB1D0BBD5BA70B3C038C /* library.c */,
				4986C217FDE9C97947E72862 /* libraryProject.1 */,
				4986C9A99A5C89C505983BA3 /* test.c */,
			);
			path = libraryProject;
			sourceTree = "<group>";
		};
/* End PBXGroup section */

/* Begin PBXNativeTarget section */
		4986C6AF531271179447A99A /* libraryProject */ = {
			isa = PBXNativeTarget;
			buildConfigurationList = 4986CB37586DADF61565695C /* Build configuration list for PBXNativeTarget "libraryProject" */;
			buildPhases = (
				4986C39C018775EAB2BCBA35 /* Sources */,
				4986C86298D434D4930DA667 /* Frameworks */,
				4986CE6166F414C0B7818721 /* CopyFiles */,
			);
			buildRules = (
			);
			dependencies = (
			);
			name = libraryProject;
			productName = libraryProject;
			productReference = 4986CAE79FF6113A1FDD5975 /* libraryProject */;
			productType = "com.apple.product-type.tool";
		};
/* End PBXNativeTarget section */

/* Begin PBXProject section */
		4986C57561BBF6DB534C19AE /* Project object */ = {
			isa = PBXProject;
			attributes = {
				ORGANIZATIONNAME = "___FULLUSERNAME___";
			};
			buildConfigurationList = 4986CD9682D756F006CC49F6 /* Build configuration list for PBXProject "libraryProject" */;
			compatibilityVersion = "Xcode 3.2";
			developmentRegion = English;
			hasScannedForEncodings = 0;
			knownRegions = (
				en,
			);
			mainGroup = 4986C06196AA076EF745178E;
			productRefGroup = 4986C02BE15F9C44ABB43FCC /* Products */;
			projectDirPath = "";
			projectRoot = "";
			targets = (
				4986C6AF531271179447A99A /* libraryProject */,
			);
		};
/* End PBXProject section */

/* Begin PBXSourcesBuildPhase section */
		4986C39C018775EAB2BCBA35 /* Sources */ = {
			isa = PBXSourcesBuildPhase;
			buildActionMask = 2147483647;
			files = (
				4986C0B8B8D0CCDDB687657D /* library.c in Sources */,
				4986CDEE860AA251816980E1 /* test.c in Sources */,
			);
			runOnlyForDeploymentPostprocessing = 0;
		};
/* End PBXSourcesBuildPhase section */

/* Begin XCBuildConfiguration section */
		4986C38500F34F154F63A5C5 /* Release */ = {
			isa = XCBuildConfiguration;
			buildSettings = {
				PRODUCT_NAME = "$(TARGET_NAME)";
			};
			name = Release;
		};
		4986C582A8F06C81324A2C42 /* Release */ = {
			isa = XCBuildConfiguration;
			buildSettings = {
				ALWAYS_SEARCH_USER_PATHS = NO;
				CLANG_CXX_LANGUAGE_STANDARD = "gnu++0x";
				CLANG_CXX_LIBRARY = "libc++";
				CLANG_ENABLE_MODULES = YES;
				CLANG_ENABLE_OBJC_ARC = YES;
				CLANG_WARN_BOOL_CONVERSION = YES;
				CLANG_WARN_CONSTANT_CONVERSION = YES;
				CLANG_WARN_DIRECT_OBJC_ISA_USAGE = YES_ERROR;
				CLANG_WARN_EMPTY_BODY = YES;
				CLANG_WARN_ENUM_CONVERSION = YES;
				CLANG_WARN_INT_CONVERSION = YES;
				CLANG_WARN_OBJC_ROOT_CLASS = YES_ERROR;
				CLANG_WARN__DUPLICATE_METHOD_MATCH = YES;
				COPY_PHASE_STRIP = YES;
				DEBUG_INFORMATION_FORMAT = "dwarf-with-dsym";
				ENABLE_NS_ASSERTIONS = NO;
				GCC_C_LANGUAGE_STANDARD = gnu99;
				GCC_ENABLE_OBJC_EXCEPTIONS = YES;
				GCC_WARN_64_TO_32_BIT_CONVERSION = YES;
				GCC_WARN_ABOUT_RETURN_TYPE = YES_ERROR;
				GCC_WARN_UNDECLARED_SELECTOR = YES;
				GCC_WARN_UNINITIALIZED_AUTOS = YES_AGGRESSIVE;
				GCC_WARN_UNUSED_FUNCTION = YES;
				GCC_WARN_UNUSED_VARIABLE = YES;
				MACOSX_DEPLOYMENT_TARGET = 10.9;
				SDKROOT = macosx;
			};
			name = Release;
		};
		4986C83F032E1D546C8BDE89 /* Debug */ = {
			isa = XCBuildConfiguration;
			buildSettings = {
				PRODUCT_NAME = "$(TARGET_NAME)";
			};
			name = Debug;
		};
		4986CC5DAC5CA3A367A4267B /* Debug */ = {
			isa = XCBuildConfiguration;
			buildSettings = {
				ALWAYS_SEARCH_USER_PATHS = NO;
				CLANG_CXX_LANGUAGE_STANDARD = "gnu++0x";
				CLANG_CXX_LIBRARY = "libc++";
				CLANG_ENABLE_MODULES = YES;
				CLANG_ENABLE_OBJC_ARC = YES;
				CLANG_WARN_BOOL_CONVERSION = YES;
				CLANG_WARN_CONSTANT_CONVERSION = YES;
				CLANG_WARN_DIRECT_OBJC_ISA_USAGE = YES_ERROR;
				CLANG_WARN_EMPTY_BODY = YES;
				CLANG_WARN_ENUM_CONVERSION = YES;
				CLANG_WARN_INT_CONVERSION = YES;
				CLANG_WARN_OBJC_ROOT_CLASS = YES_ERROR;
				CLANG_WARN__DUPLICATE_METHOD_MATCH = YES;
				COPY_PHASE_STRIP = NO;
				GCC_C_LANGUAGE_STANDARD = gnu99;
				GCC_DYNAMIC_NO_PIC = NO;
				GCC_ENABLE_OBJC_EXCEPTIONS = YES;
				GCC_OPTIMIZATION_LEVEL = 0;
				GCC_PREPROCESSOR_DEFINITIONS = (
					"DEBUG=1",
					"$(inherited)",
				);
				GCC_SYMBOLS_PRIVATE_EXTERN = NO;
				GCC_WARN_64_TO_32_BIT_CONVERSION = YES;
				GCC_WARN_ABOUT_RETURN_TYPE = YES_ERROR;
				GCC_WARN_UNDECLARED_SELECTOR = YES;
				GCC_WARN_UNINITIALIZED_AUTOS = YES_AGGRESSIVE;
				GCC_WARN_UNUSED_FUNCTION = YES;
				GCC_WARN_UNUSED_VARIABLE = YES;
				MACOSX_DEPLOYMENT_TARGET = 10.9;
				ONLY_ACTIVE_ARCH = YES;
				SDKROOT = macosx;
			};
			name = Debug;
		};
/* End XCBuildConfiguration section */

/* Begin XCConfigurationList section */
		4986CB37586DADF61565695C /* Build configuration list for PBXNativeTarget "libraryProject" */ = {
			isa = XCConfigurationList;
			buildConfigurations = (
				4986C38500F34F154F63A5C5 /* Release */,
				4986C83F032E1D546C8BDE89 /* Debug */,
			);
			defaultConfigurationIsVisible = 0;
		};
		4986CD9682D756F006CC49F6 /* Build configuration list for PBXProject "libraryProject" */ = {
			isa = XCConfigurationList;
			buildConfigurations = (
				4986C582A8F06C81324A2C42 /* Release */,
				4986CC5DAC5CA3A367A4267B /* Debug */,
			);
			defaultConfigurationIsVisible = 0;
			defaultConfigurationName = Release;
		};
/* End XCConfigurationList section */
	};
	rootObject = 4986C57561BBF6DB534C19AE /* Project object */;
}
